
Microsoft Visual Studio Solution File, Format Version 12.00
# Visual Studio Version 17
VisualStudioVersion = 17.6.33815.320
MinimumVisualStudioVersion = 10.0.40219.1
Project("{FAE04EC0-301F-11D3-BF4B-00C04F79EFBC}") = "Exam", "Exam\Exam.csproj", "{DBE4E40E-E831-42A0-A95F-BCF1A19CDBD9}"
EndProject
Global
	GlobalSection(SolutionConfigurationPlatforms) = preSolution
		Debug|Any CPU = Debug|Any CPU
		Release|Any CPU = Release|Any CPU
	EndGlobalSection
	GlobalSection(ProjectConfigurationPlatforms) = postSolution
		{DBE4E40E-E831-42A0-A95F-BCF1A19CDBD9}.Debug|Any CPU.ActiveCfg = Debug|Any CPU
		{DBE4E40E-E831-42A0-A95F-BCF1A19CDBD9}.Debug|Any CPU.Build.0 = Debug|Any CPU
		{DBE4E40E-E831-42A0-A95F-BCF1A19CDBD9}.Release|Any CPU.ActiveCfg = Release|Any CPU
		{DBE4E40E-E831-42A0-A95F-BCF1A19CDBD9}.Release|Any CPU.Build.0 = Release|Any CPU
	EndGlobalSection
	GlobalSection(SolutionProperties) = preSolution
		HideSolutionNode = FALSE
	EndGlobalSection
	GlobalSection(ExtensibilityGlobals) = postSolution
		SolutionGuid = {88AACC70-46F3-4A20-9BB3-87D80371FDD7}
	EndGlobalSection
EndGlobal
